
Microsoft Visual Studio Solution File, Format Version 12.00
# Visual Studio Version 17
VisualStudioVersion = 17.4.33122.133
MinimumVisualStudioVersion = 10.0.40219.1
Project("{9A19103F-16F7-4668-BE54-9A1E7A4F7556}") = "Ansely.EmailSender.Core-6.0.0", "v6.0.0\Ansely.EmailSender.Core-6.0.0.csproj", "{855B7A25-BB19-4C47-93AE-9F2387E0CA7F}"
EndProject
Project("{9A19103F-16F7-4668-BE54-9A1E7A4F7556}") = "Ansely.EmailSender.Core-7.0.0", "v7.0.0\Ansely.EmailSender.Core-7.0.0.csproj", "{25E11FFD-70DC-40EA-85FC-6D33E75849CC}"
EndProject
Global
	GlobalSection(SolutionConfigurationPlatforms) = preSolution
		Debug|Any CPU = Debug|Any CPU
		Release|Any CPU = Release|Any CPU
	EndGlobalSection
	GlobalSection(ProjectConfigurationPlatforms) = postSolution
		{855B7A25-BB19-4C47-93AE-9F2387E0CA7F}.Debug|Any CPU.ActiveCfg = Debug|Any CPU
		{855B7A25-BB19-4C47-93AE-9F2387E0CA7F}.Debug|Any CPU.Build.0 = Debug|Any CPU
		{855B7A25-BB19-4C47-93AE-9F2387E0CA7F}.Release|Any CPU.ActiveCfg = Release|Any CPU
		{855B7A25-BB19-4C47-93AE-9F2387E0CA7F}.Release|Any CPU.Build.0 = Release|Any CPU
		{25E11FFD-70DC-40EA-85FC-6D33E75849CC}.Debug|Any CPU.ActiveCfg = Debug|Any CPU
		{25E11FFD-70DC-40EA-85FC-6D33E75849CC}.Debug|Any CPU.Build.0 = Debug|Any CPU
		{25E11FFD-70DC-40EA-85FC-6D33E75849CC}.Release|Any CPU.ActiveCfg = Release|Any CPU
		{25E11FFD-70DC-40EA-85FC-6D33E75849CC}.Release|Any CPU.Build.0 = Release|Any CPU
	EndGlobalSection
	GlobalSection(SolutionProperties) = preSolution
		HideSolutionNode = FALSE
	EndGlobalSection
	GlobalSection(ExtensibilityGlobals) = postSolution
		SolutionGuid = {60275D9E-27C2-409D-84F6-9612E3EBAAA2}
	EndGlobalSection
EndGlobal
