
Microsoft Visual Studio Solution File, Format Version 12.00
# Visual Studio Version 17
VisualStudioVersion = 17.4.33122.133
MinimumVisualStudioVersion = 10.0.40219.1
Project("{9A19103F-16F7-4668-BE54-9A1E7A4F7556}") = "Ansely.EmailSender.Core", "Ansely.EmailSender.Core.csproj", "{B73B0A55-E88C-42CB-8728-4216A2B38A01}"
EndProject
Global
	GlobalSection(SolutionConfigurationPlatforms) = preSolution
		Debug|Any CPU = Debug|Any CPU
		Release|Any CPU = Release|Any CPU
	EndGlobalSection
	GlobalSection(ProjectConfigurationPlatforms) = postSolution
		{B73B0A55-E88C-42CB-8728-4216A2B38A01}.Debug|Any CPU.ActiveCfg = Debug|Any CPU
		{B73B0A55-E88C-42CB-8728-4216A2B38A01}.Debug|Any CPU.Build.0 = Debug|Any CPU
		{B73B0A55-E88C-42CB-8728-4216A2B38A01}.Release|Any CPU.ActiveCfg = Release|Any CPU
		{B73B0A55-E88C-42CB-8728-4216A2B38A01}.Release|Any CPU.Build.0 = Release|Any CPU
	EndGlobalSection
	GlobalSection(SolutionProperties) = preSolution
		HideSolutionNode = FALSE
	EndGlobalSection
	GlobalSection(ExtensibilityGlobals) = postSolution
		SolutionGuid = {60275D9E-27C2-409D-84F6-9612E3EBAAA2}
	EndGlobalSection
EndGlobal
